
Microsoft Visual Studio Solution File, Format Version 12.00
# Visual Studio Version 16
VisualStudioVersion = 16.0.32802.440
MinimumVisualStudioVersion = 10.0.40219.1
Project("{FAE04EC0-301F-11D3-BF4B-00C04F79EFBC}") = "Blood Bank API", "Blood Bank API\Blood Bank API.csproj", "{DE93989D-4F57-4E65-B291-A2EA4A866123}"
EndProject
Project("{FAE04EC0-301F-11D3-BF4B-00C04F79EFBC}") = "BloodBankModelLibrary", "BloodBankModelLibrary\BloodBankModelLibrary.csproj", "{63085AAE-D7F2-4CC8-9D8C-F76A3E844A5C}"
EndProject
Project("{FAE04EC0-301F-11D3-BF4B-00C04F79EFBC}") = "BloodBankWebApp", "BloodBankWebApp\BloodBankWebApp.csproj", "{A292B9C7-A656-499C-81A0-110B19AB935D}"
EndProject
Global
	GlobalSection(SolutionConfigurationPlatforms) = preSolution
		Debug|Any CPU = Debug|Any CPU
		Release|Any CPU = Release|Any CPU
	EndGlobalSection
	GlobalSection(ProjectConfigurationPlatforms) = postSolution
		{DE93989D-4F57-4E65-B291-A2EA4A866123}.Debug|Any CPU.ActiveCfg = Debug|Any CPU
		{DE93989D-4F57-4E65-B291-A2EA4A866123}.Debug|Any CPU.Build.0 = Debug|Any CPU
		{DE93989D-4F57-4E65-B291-A2EA4A866123}.Release|Any CPU.ActiveCfg = Release|Any CPU
		{DE93989D-4F57-4E65-B291-A2EA4A866123}.Release|Any CPU.Build.0 = Release|Any CPU
		{63085AAE-D7F2-4CC8-9D8C-F76A3E844A5C}.Debug|Any CPU.ActiveCfg = Debug|Any CPU
		{63085AAE-D7F2-4CC8-9D8C-F76A3E844A5C}.Debug|Any CPU.Build.0 = Debug|Any CPU
		{63085AAE-D7F2-4CC8-9D8C-F76A3E844A5C}.Release|Any CPU.ActiveCfg = Release|Any CPU
		{63085AAE-D7F2-4CC8-9D8C-F76A3E844A5C}.Release|Any CPU.Build.0 = Release|Any CPU
		{A292B9C7-A656-499C-81A0-110B19AB935D}.Debug|Any CPU.ActiveCfg = Debug|Any CPU
		{A292B9C7-A656-499C-81A0-110B19AB935D}.Debug|Any CPU.Build.0 = Debug|Any CPU
		{A292B9C7-A656-499C-81A0-110B19AB935D}.Release|Any CPU.ActiveCfg = Release|Any CPU
		{A292B9C7-A656-499C-81A0-110B19AB935D}.Release|Any CPU.Build.0 = Release|Any CPU
	EndGlobalSection
	GlobalSection(SolutionProperties) = preSolution
		HideSolutionNode = FALSE
	EndGlobalSection
	GlobalSection(ExtensibilityGlobals) = postSolution
		SolutionGuid = {4FF8BE15-B5D1-4F84-9A91-2302EB634D20}
	EndGlobalSection
EndGlobal
